
Microsoft Visual Studio Solution File, Format Version 12.00
# Visual Studio 15
Project("{FAE04EC0-301F-11D3-BF4B-00C04F79EFBC}") = "New Unity 2017 Project - KDialogBoxCanvas", "New Unity 2017 Project - KDialogBoxCanvas.csproj", "{3C414340-4186-72FB-07BE-41DC6CF14D86}"
EndProject
Global
	GlobalSection(SolutionConfigurationPlatforms) = preSolution
		Debug|Any CPU = Debug|Any CPU
		Release|Any CPU = Release|Any CPU
	EndGlobalSection
	GlobalSection(ProjectConfigurationPlatforms) = postSolution
		{3C414340-4186-72FB-07BE-41DC6CF14D86}.Debug|Any CPU.ActiveCfg = Debug|Any CPU
		{3C414340-4186-72FB-07BE-41DC6CF14D86}.Debug|Any CPU.Build.0 = Debug|Any CPU
		{3C414340-4186-72FB-07BE-41DC6CF14D86}.Release|Any CPU.ActiveCfg = Release|Any CPU
		{3C414340-4186-72FB-07BE-41DC6CF14D86}.Release|Any CPU.Build.0 = Release|Any CPU
	EndGlobalSection
	GlobalSection(SolutionProperties) = preSolution
		HideSolutionNode = FALSE
	EndGlobalSection
EndGlobal
