
Microsoft Visual Studio Solution File, Format Version 12.00
# Visual Studio 15
Project("{FAE04EC0-301F-11D3-BF4B-00C04F79EFBC}") = "Assembly-CSharp", "Assembly-CSharp.csproj", "{A09BCC52-8FEF-4D8A-6B8C-445C57B59AFE}"
EndProject
Global
	GlobalSection(SolutionConfigurationPlatforms) = preSolution
		Debug|Any CPU = Debug|Any CPU
		Release|Any CPU = Release|Any CPU
	EndGlobalSection
	GlobalSection(ProjectConfigurationPlatforms) = postSolution
		{A09BCC52-8FEF-4D8A-6B8C-445C57B59AFE}.Debug|Any CPU.ActiveCfg = Debug|Any CPU
		{A09BCC52-8FEF-4D8A-6B8C-445C57B59AFE}.Debug|Any CPU.Build.0 = Debug|Any CPU
		{A09BCC52-8FEF-4D8A-6B8C-445C57B59AFE}.Release|Any CPU.ActiveCfg = Release|Any CPU
		{A09BCC52-8FEF-4D8A-6B8C-445C57B59AFE}.Release|Any CPU.Build.0 = Release|Any CPU
	EndGlobalSection
	GlobalSection(SolutionProperties) = preSolution
		HideSolutionNode = FALSE
	EndGlobalSection
EndGlobal
