<?xml version="1.0" encoding="utf-8"?>
<Project ToolsVersion="4.0" xmlns="http://schemas.microsoft.com/developer/msbuild/2003">
  <ItemGroup>
    <ClCompile Include="KAxis.cpp">
      <Filter>Source Files</Filter>
    </ClCompile>
    <ClCompile Include="KCube.cpp">
      <Filter>Source Files</Filter>
    </ClCompile>
    <ClCompile Include="KLight.cpp">
      <Filter>Source Files</Filter>
    </ClCompile>
    <ClCompile Include="KMaterial.cpp">
      <Filter>Source Files</Filter>
    </ClCompile>
    <ClCompile Include="KMath.cpp">
      <Filter>Source Files</Filter>
    </ClCompile>
    <ClCompile Include="KMatrix2.cpp">
      <Filter>Source Files</Filter>
    </ClCompile>
    <ClCompile Include="KMatrix3.cpp">
      <Filter>Source Files</Filter>
    </ClCompile>
    <ClCompile Include="KMatrix4.cpp">
      <Filter>Source Files</Filter>
    </ClCompile>
    <ClCompile Include="KPolygonShape.cpp">
      <Filter>Source Files</Filter>
    </ClCompile>
    <ClCompile Include="KPrimitive.cpp">
      <Filter>Source Files</Filter>
    </ClCompile>
    <ClCompile Include="KQuaternion.cpp">
      <Filter>Source Files</Filter>
    </ClCompile>
    <ClCompile Include="KRenderState.cpp">
      <Filter>Source Files</Filter>
    </ClCompile>
    <ClCompile Include="KVector2.cpp">
      <Filter>Source Files</Filter>
    </ClCompile>
    <ClCompile Include="KVector3.cpp">
      <Filter>Source Files</Filter>
    </ClCompile>
    <ClCompile Include="KVectorUtil.cpp">
      <Filter>Source Files</Filter>
    </ClCompile>
    <ClCompile Include="LinearAlgebra.cpp">
      <Filter>Source Files</Filter>
    </ClCompile>
    <ClCompile Include="stdafx.cpp">
      <Filter>Source Files</Filter>
    </ClCompile>
  </ItemGroup>
  <ItemGroup>
    <ClInclude Include="KAxis.h">
      <Filter>Header Files</Filter>
    </ClInclude>
    <ClInclude Include="KBasis2.h">
      <Filter>Header Files</Filter>
    </ClInclude>
    <ClInclude Include="KCube.h">
      <Filter>Header Files</Filter>
    </ClInclude>
    <ClInclude Include="KGen.h">
      <Filter>Header Files</Filter>
    </ClInclude>
    <ClInclude Include="KLight.h">
      <Filter>Header Files</Filter>
    </ClInclude>
    <ClInclude Include="KMaterial.h">
      <Filter>Header Files</Filter>
    </ClInclude>
    <ClInclude Include="KMath.h">
      <Filter>Header Files</Filter>
    </ClInclude>
    <ClInclude Include="KMatrix2.h">
      <Filter>Header Files</Filter>
    </ClInclude>
    <ClInclude Include="KMatrix3.h">
      <Filter>Header Files</Filter>
    </ClInclude>
    <ClInclude Include="KMatrix4.h">
      <Filter>Header Files</Filter>
    </ClInclude>
    <ClInclude Include="KPolygonShape.h">
      <Filter>Header Files</Filter>
    </ClInclude>
    <ClInclude Include="KPrimitive.h">
      <Filter>Header Files</Filter>
    </ClInclude>
    <ClInclude Include="KQuaternion.h">
      <Filter>Header Files</Filter>
    </ClInclude>
    <ClInclude Include="KRenderState.h">
      <Filter>Header Files</Filter>
    </ClInclude>
    <ClInclude Include="KRgb.h">
      <Filter>Header Files</Filter>
    </ClInclude>
    <ClInclude Include="KScreenCoordinate.h">
      <Filter>Header Files</Filter>
    </ClInclude>
    <ClInclude Include="KShape.h">
      <Filter>Header Files</Filter>
    </ClInclude>
    <ClInclude Include="KVector2.h">
      <Filter>Header Files</Filter>
    </ClInclude>
    <ClInclude Include="KVector3.h">
      <Filter>Header Files</Filter>
    </ClInclude>
    <ClInclude Include="KVectorUtil.h">
      <Filter>Header Files</Filter>
    </ClInclude>
    <ClInclude Include="LinearAlgebra.h">
      <Filter>Header Files</Filter>
    </ClInclude>
    <ClInclude Include="resource.h">
      <Filter>Resource Files</Filter>
    </ClInclude>
    <ClInclude Include="stdafx.h">
      <Filter>Header Files</Filter>
    </ClInclude>
    <ClInclude Include="targetver.h">
      <Filter>Header Files</Filter>
    </ClInclude>
  </ItemGroup>
  <ItemGroup>
    <Image Include="LinearAlgebra.ico">
      <Filter>Resource Files</Filter>
    </Image>
    <Image Include="small.ico">
      <Filter>Resource Files</Filter>
    </Image>
  </ItemGroup>
  <ItemGroup>
    <Filter Include="Header Files">
      <UniqueIdentifier>{494a115c-34c1-4677-9dca-8ac4fa3c1068}</UniqueIdentifier>
    </Filter>
    <Filter Include="Source Files">
      <UniqueIdentifier>{eaa712d1-5553-4cd5-aa8c-ae6f3bfe713c}</UniqueIdentifier>
    </Filter>
    <Filter Include="Resource Files">
      <UniqueIdentifier>{09340127-df28-4aa6-9497-20a227cda8ea}</UniqueIdentifier>
    </Filter>
  </ItemGroup>
  <ItemGroup>
    <ResourceCompile Include="LinearAlgebra.rc">
      <Filter>Resource Files</Filter>
    </ResourceCompile>
  </ItemGroup>
</Project>