
Microsoft Visual Studio Solution File, Format Version 12.00
# Visual Studio 15
VisualStudioVersion = 15.0.28307.1231
MinimumVisualStudioVersion = 10.0.40219.1
Project("{8BC9CEB8-8B4A-11D0-8D11-00A0C91BC942}") = "LinearAlgebra Step05 Pentagon Defence Game Step1", "LinearAlgebra_Step05 Pentagon Defence Game Step1\LinearAlgebra Step05 Pentagon Defence Game Step1.vcxproj", "{DC4FA63A-FD4C-4DF9-B71A-0C386E89D443}"
EndProject
Project("{8BC9CEB8-8B4A-11D0-8D11-00A0C91BC942}") = "LinearAlgebra Step05 Pentagon Defence Game Step2 Framework", "LinearAlgebra_Step05 Pentagon Defence Game Step2 Framework\LinearAlgebra Step05 Pentagon Defence Game Step2 Framework.vcxproj", "{79132F32-B647-45C2-9F3F-1E8E4FA21ED8}"
EndProject
Project("{8BC9CEB8-8B4A-11D0-8D11-00A0C91BC942}") = "LinearAlgebra Step05 Pentagon Defence Game Step3 Library", "LinearAlgebra_Step05 Pentagon Defence Game Step3 Library\LinearAlgebra Step05 Pentagon Defence Game Step3 Library.vcxproj", "{885ED33D-93AB-4841-97BA-D851794B3CF1}"
EndProject
Project("{8BC9CEB8-8B4A-11D0-8D11-00A0C91BC942}") = "LinearAlgebra Step05 Pentagon Defence Game Step4 MyGame", "LinearAlgebra_Step05 Pentagon Defence Game Step4 MyGame\LinearAlgebra Step05 Pentagon Defence Game Step4 MyGame.vcxproj", "{64CACB58-94B2-4985-8B37-969CACE8D642}"
EndProject
Project("{8BC9CEB8-8B4A-11D0-8D11-00A0C91BC942}") = "LinearAlgebra_Step05-3 FABRIK", "LinearAlgebra_Step05-3 FABRIK\LinearAlgebra_Step05-3 FABRIK.vcxproj", "{12D39DB6-DFF8-457A-9E76-043D52105991}"
EndProject
Project("{8BC9CEB8-8B4A-11D0-8D11-00A0C91BC942}") = "LinearAlgebra_Step05-4 Principle Component Analysis", "LinearAlgebra_Step05-4 Principle Component Analysis\LinearAlgebra_Step05-4 Principle Component Analysis.vcxproj", "{0FB2CE2B-F877-471D-AB3D-577D8AF25E2E}"
EndProject
Project("{8BC9CEB8-8B4A-11D0-8D11-00A0C91BC942}") = "LinearAlgebra_Step05-2 Separating Axis Theorem SAT Basic", "LinearAlgebra_Step05-2 Separating Axis Theorem SAT Basic\LinearAlgebra_Step05-2 Separating Axis Theorem SAT Basic.vcxproj", "{6A7199FB-6DD4-4BB7-9E11-2375FF0DC2C4}"
EndProject
Project("{8BC9CEB8-8B4A-11D0-8D11-00A0C91BC942}") = "LinearAlgebra_Step05-2 Separating Axis Theorem SAT Coll Info", "LinearAlgebra_Step05-2 Separating Axis Theorem SAT Coll Info\LinearAlgebra_Step05-2 Separating Axis Theorem SAT Coll Info.vcxproj", "{3A0173DA-E442-4F08-946D-66CA1F705B49}"
EndProject
Global
	GlobalSection(SolutionConfigurationPlatforms) = preSolution
		Debug|Win32 = Debug|Win32
		Debug|x64 = Debug|x64
		Debug|x86 = Debug|x86
		Profile|Win32 = Profile|Win32
		Profile|x64 = Profile|x64
		Profile|x86 = Profile|x86
		Release|Win32 = Release|Win32
		Release|x64 = Release|x64
		Release|x86 = Release|x86
	EndGlobalSection
	GlobalSection(ProjectConfigurationPlatforms) = postSolution
		{DC4FA63A-FD4C-4DF9-B71A-0C386E89D443}.Debug|Win32.ActiveCfg = Debug|Win32
		{DC4FA63A-FD4C-4DF9-B71A-0C386E89D443}.Debug|Win32.Build.0 = Debug|Win32
		{DC4FA63A-FD4C-4DF9-B71A-0C386E89D443}.Debug|x64.ActiveCfg = Debug|x64
		{DC4FA63A-FD4C-4DF9-B71A-0C386E89D443}.Debug|x64.Build.0 = Debug|x64
		{DC4FA63A-FD4C-4DF9-B71A-0C386E89D443}.Debug|x86.ActiveCfg = Debug|Win32
		{DC4FA63A-FD4C-4DF9-B71A-0C386E89D443}.Debug|x86.Build.0 = Debug|Win32
		{DC4FA63A-FD4C-4DF9-B71A-0C386E89D443}.Profile|Win32.ActiveCfg = Release|Win32
		{DC4FA63A-FD4C-4DF9-B71A-0C386E89D443}.Profile|Win32.Build.0 = Release|Win32
		{DC4FA63A-FD4C-4DF9-B71A-0C386E89D443}.Profile|x64.ActiveCfg = Release|x64
		{DC4FA63A-FD4C-4DF9-B71A-0C386E89D443}.Profile|x64.Build.0 = Release|x64
		{DC4FA63A-FD4C-4DF9-B71A-0C386E89D443}.Profile|x86.ActiveCfg = Release|Win32
		{DC4FA63A-FD4C-4DF9-B71A-0C386E89D443}.Profile|x86.Build.0 = Release|Win32
		{DC4FA63A-FD4C-4DF9-B71A-0C386E89D443}.Release|Win32.ActiveCfg = Release|Win32
		{DC4FA63A-FD4C-4DF9-B71A-0C386E89D443}.Release|Win32.Build.0 = Release|Win32
		{DC4FA63A-FD4C-4DF9-B71A-0C386E89D443}.Release|x64.ActiveCfg = Release|x64
		{DC4FA63A-FD4C-4DF9-B71A-0C386E89D443}.Release|x64.Build.0 = Release|x64
		{DC4FA63A-FD4C-4DF9-B71A-0C386E89D443}.Release|x86.ActiveCfg = Release|Win32
		{DC4FA63A-FD4C-4DF9-B71A-0C386E89D443}.Release|x86.Build.0 = Release|Win32
		{79132F32-B647-45C2-9F3F-1E8E4FA21ED8}.Debug|Win32.ActiveCfg = Debug|Win32
		{79132F32-B647-45C2-9F3F-1E8E4FA21ED8}.Debug|Win32.Build.0 = Debug|Win32
		{79132F32-B647-45C2-9F3F-1E8E4FA21ED8}.Debug|x64.ActiveCfg = Debug|x64
		{79132F32-B647-45C2-9F3F-1E8E4FA21ED8}.Debug|x64.Build.0 = Debug|x64
		{79132F32-B647-45C2-9F3F-1E8E4FA21ED8}.Debug|x86.ActiveCfg = Debug|Win32
		{79132F32-B647-45C2-9F3F-1E8E4FA21ED8}.Debug|x86.Build.0 = Debug|Win32
		{79132F32-B647-45C2-9F3F-1E8E4FA21ED8}.Profile|Win32.ActiveCfg = Release|Win32
		{79132F32-B647-45C2-9F3F-1E8E4FA21ED8}.Profile|Win32.Build.0 = Release|Win32
		{79132F32-B647-45C2-9F3F-1E8E4FA21ED8}.Profile|x64.ActiveCfg = Release|x64
		{79132F32-B647-45C2-9F3F-1E8E4FA21ED8}.Profile|x64.Build.0 = Release|x64
		{79132F32-B647-45C2-9F3F-1E8E4FA21ED8}.Profile|x86.ActiveCfg = Release|Win32
		{79132F32-B647-45C2-9F3F-1E8E4FA21ED8}.Profile|x86.Build.0 = Release|Win32
		{79132F32-B647-45C2-9F3F-1E8E4FA21ED8}.Release|Win32.ActiveCfg = Release|Win32
		{79132F32-B647-45C2-9F3F-1E8E4FA21ED8}.Release|Win32.Build.0 = Release|Win32
		{79132F32-B647-45C2-9F3F-1E8E4FA21ED8}.Release|x64.ActiveCfg = Release|x64
		{79132F32-B647-45C2-9F3F-1E8E4FA21ED8}.Release|x64.Build.0 = Release|x64
		{79132F32-B647-45C2-9F3F-1E8E4FA21ED8}.Release|x86.ActiveCfg = Release|Win32
		{79132F32-B647-45C2-9F3F-1E8E4FA21ED8}.Release|x86.Build.0 = Release|Win32
		{885ED33D-93AB-4841-97BA-D851794B3CF1}.Debug|Win32.ActiveCfg = Debug|Win32
		{885ED33D-93AB-4841-97BA-D851794B3CF1}.Debug|Win32.Build.0 = Debug|Win32
		{885ED33D-93AB-4841-97BA-D851794B3CF1}.Debug|x64.ActiveCfg = Debug|x64
		{885ED33D-93AB-4841-97BA-D851794B3CF1}.Debug|x64.Build.0 = Debug|x64
		{885ED33D-93AB-4841-97BA-D851794B3CF1}.Debug|x86.ActiveCfg = Debug|Win32
		{885ED33D-93AB-4841-97BA-D851794B3CF1}.Debug|x86.Build.0 = Debug|Win32
		{885ED33D-93AB-4841-97BA-D851794B3CF1}.Profile|Win32.ActiveCfg = Release|Win32
		{885ED33D-93AB-4841-97BA-D851794B3CF1}.Profile|Win32.Build.0 = Release|Win32
		{885ED33D-93AB-4841-97BA-D851794B3CF1}.Profile|x64.ActiveCfg = Release|x64
		{885ED33D-93AB-4841-97BA-D851794B3CF1}.Profile|x64.Build.0 = Release|x64
		{885ED33D-93AB-4841-97BA-D851794B3CF1}.Profile|x86.ActiveCfg = Release|Win32
		{885ED33D-93AB-4841-97BA-D851794B3CF1}.Profile|x86.Build.0 = Release|Win32
		{885ED33D-93AB-4841-97BA-D851794B3CF1}.Release|Win32.ActiveCfg = Release|Win32
		{885ED33D-93AB-4841-97BA-D851794B3CF1}.Release|Win32.Build.0 = Release|Win32
		{885ED33D-93AB-4841-97BA-D851794B3CF1}.Release|x64.ActiveCfg = Release|x64
		{885ED33D-93AB-4841-97BA-D851794B3CF1}.Release|x64.Build.0 = Release|x64
		{885ED33D-93AB-4841-97BA-D851794B3CF1}.Release|x86.ActiveCfg = Release|Win32
		{885ED33D-93AB-4841-97BA-D851794B3CF1}.Release|x86.Build.0 = Release|Win32
		{64CACB58-94B2-4985-8B37-969CACE8D642}.Debug|Win32.ActiveCfg = Debug|Win32
		{64CACB58-94B2-4985-8B37-969CACE8D642}.Debug|Win32.Build.0 = Debug|Win32
		{64CACB58-94B2-4985-8B37-969CACE8D642}.Debug|x64.ActiveCfg = Debug|x64
		{64CACB58-94B2-4985-8B37-969CACE8D642}.Debug|x64.Build.0 = Debug|x64
		{64CACB58-94B2-4985-8B37-969CACE8D642}.Debug|x86.ActiveCfg = Debug|Win32
		{64CACB58-94B2-4985-8B37-969CACE8D642}.Debug|x86.Build.0 = Debug|Win32
		{64CACB58-94B2-4985-8B37-969CACE8D642}.Profile|Win32.ActiveCfg = Release|Win32
		{64CACB58-94B2-4985-8B37-969CACE8D642}.Profile|Win32.Build.0 = Release|Win32
		{64CACB58-94B2-4985-8B37-969CACE8D642}.Profile|x64.ActiveCfg = Release|x64
		{64CACB58-94B2-4985-8B37-969CACE8D642}.Profile|x64.Build.0 = Release|x64
		{64CACB58-94B2-4985-8B37-969CACE8D642}.Profile|x86.ActiveCfg = Release|Win32
		{64CACB58-94B2-4985-8B37-969CACE8D642}.Profile|x86.Build.0 = Release|Win32
		{64CACB58-94B2-4985-8B37-969CACE8D642}.Release|Win32.ActiveCfg = Release|Win32
		{64CACB58-94B2-4985-8B37-969CACE8D642}.Release|Win32.Build.0 = Release|Win32
		{64CACB58-94B2-4985-8B37-969CACE8D642}.Release|x64.ActiveCfg = Release|x64
		{64CACB58-94B2-4985-8B37-969CACE8D642}.Release|x64.Build.0 = Release|x64
		{64CACB58-94B2-4985-8B37-969CACE8D642}.Release|x86.ActiveCfg = Release|Win32
		{64CACB58-94B2-4985-8B37-969CACE8D642}.Release|x86.Build.0 = Release|Win32
		{12D39DB6-DFF8-457A-9E76-043D52105991}.Debug|Win32.ActiveCfg = Debug|Win32
		{12D39DB6-DFF8-457A-9E76-043D52105991}.Debug|Win32.Build.0 = Debug|Win32
		{12D39DB6-DFF8-457A-9E76-043D52105991}.Debug|x64.ActiveCfg = Debug|x64
		{12D39DB6-DFF8-457A-9E76-043D52105991}.Debug|x64.Build.0 = Debug|x64
		{12D39DB6-DFF8-457A-9E76-043D52105991}.Debug|x86.ActiveCfg = Debug|Win32
		{12D39DB6-DFF8-457A-9E76-043D52105991}.Debug|x86.Build.0 = Debug|Win32
		{12D39DB6-DFF8-457A-9E76-043D52105991}.Profile|Win32.ActiveCfg = Release|Win32
		{12D39DB6-DFF8-457A-9E76-043D52105991}.Profile|Win32.Build.0 = Release|Win32
		{12D39DB6-DFF8-457A-9E76-043D52105991}.Profile|x64.ActiveCfg = Release|x64
		{12D39DB6-DFF8-457A-9E76-043D52105991}.Profile|x64.Build.0 = Release|x64
		{12D39DB6-DFF8-457A-9E76-043D52105991}.Profile|x86.ActiveCfg = Release|Win32
		{12D39DB6-DFF8-457A-9E76-043D52105991}.Profile|x86.Build.0 = Release|Win32
		{12D39DB6-DFF8-457A-9E76-043D52105991}.Release|Win32.ActiveCfg = Release|Win32
		{12D39DB6-DFF8-457A-9E76-043D52105991}.Release|Win32.Build.0 = Release|Win32
		{12D39DB6-DFF8-457A-9E76-043D52105991}.Release|x64.ActiveCfg = Release|x64
		{12D39DB6-DFF8-457A-9E76-043D52105991}.Release|x64.Build.0 = Release|x64
		{12D39DB6-DFF8-457A-9E76-043D52105991}.Release|x86.ActiveCfg = Release|Win32
		{12D39DB6-DFF8-457A-9E76-043D52105991}.Release|x86.Build.0 = Release|Win32
		{0FB2CE2B-F877-471D-AB3D-577D8AF25E2E}.Debug|Win32.ActiveCfg = Debug|Win32
		{0FB2CE2B-F877-471D-AB3D-577D8AF25E2E}.Debug|Win32.Build.0 = Debug|Win32
		{0FB2CE2B-F877-471D-AB3D-577D8AF25E2E}.Debug|x64.ActiveCfg = Debug|x64
		{0FB2CE2B-F877-471D-AB3D-577D8AF25E2E}.Debug|x64.Build.0 = Debug|x64
		{0FB2CE2B-F877-471D-AB3D-577D8AF25E2E}.Debug|x86.ActiveCfg = Debug|Win32
		{0FB2CE2B-F877-471D-AB3D-577D8AF25E2E}.Debug|x86.Build.0 = Debug|Win32
		{0FB2CE2B-F877-471D-AB3D-577D8AF25E2E}.Profile|Win32.ActiveCfg = Release|Win32
		{0FB2CE2B-F877-471D-AB3D-577D8AF25E2E}.Profile|Win32.Build.0 = Release|Win32
		{0FB2CE2B-F877-471D-AB3D-577D8AF25E2E}.Profile|x64.ActiveCfg = Release|x64
		{0FB2CE2B-F877-471D-AB3D-577D8AF25E2E}.Profile|x64.Build.0 = Release|x64
		{0FB2CE2B-F877-471D-AB3D-577D8AF25E2E}.Profile|x86.ActiveCfg = Release|Win32
		{0FB2CE2B-F877-471D-AB3D-577D8AF25E2E}.Profile|x86.Build.0 = Release|Win32
		{0FB2CE2B-F877-471D-AB3D-577D8AF25E2E}.Release|Win32.ActiveCfg = Release|Win32
		{0FB2CE2B-F877-471D-AB3D-577D8AF25E2E}.Release|Win32.Build.0 = Release|Win32
		{0FB2CE2B-F877-471D-AB3D-577D8AF25E2E}.Release|x64.ActiveCfg = Release|x64
		{0FB2CE2B-F877-471D-AB3D-577D8AF25E2E}.Release|x64.Build.0 = Release|x64
		{0FB2CE2B-F877-471D-AB3D-577D8AF25E2E}.Release|x86.ActiveCfg = Release|Win32
		{0FB2CE2B-F877-471D-AB3D-577D8AF25E2E}.Release|x86.Build.0 = Release|Win32
		{6A7199FB-6DD4-4BB7-9E11-2375FF0DC2C4}.Debug|Win32.ActiveCfg = Debug|Win32
		{6A7199FB-6DD4-4BB7-9E11-2375FF0DC2C4}.Debug|Win32.Build.0 = Debug|Win32
		{6A7199FB-6DD4-4BB7-9E11-2375FF0DC2C4}.Debug|x64.ActiveCfg = Debug|x64
		{6A7199FB-6DD4-4BB7-9E11-2375FF0DC2C4}.Debug|x64.Build.0 = Debug|x64
		{6A7199FB-6DD4-4BB7-9E11-2375FF0DC2C4}.Debug|x86.ActiveCfg = Debug|Win32
		{6A7199FB-6DD4-4BB7-9E11-2375FF0DC2C4}.Debug|x86.Build.0 = Debug|Win32
		{6A7199FB-6DD4-4BB7-9E11-2375FF0DC2C4}.Profile|Win32.ActiveCfg = Release|Win32
		{6A7199FB-6DD4-4BB7-9E11-2375FF0DC2C4}.Profile|Win32.Build.0 = Release|Win32
		{6A7199FB-6DD4-4BB7-9E11-2375FF0DC2C4}.Profile|x64.ActiveCfg = Release|x64
		{6A7199FB-6DD4-4BB7-9E11-2375FF0DC2C4}.Profile|x64.Build.0 = Release|x64
		{6A7199FB-6DD4-4BB7-9E11-2375FF0DC2C4}.Profile|x86.ActiveCfg = Release|Win32
		{6A7199FB-6DD4-4BB7-9E11-2375FF0DC2C4}.Profile|x86.Build.0 = Release|Win32
		{6A7199FB-6DD4-4BB7-9E11-2375FF0DC2C4}.Release|Win32.ActiveCfg = Release|Win32
		{6A7199FB-6DD4-4BB7-9E11-2375FF0DC2C4}.Release|Win32.Build.0 = Release|Win32
		{6A7199FB-6DD4-4BB7-9E11-2375FF0DC2C4}.Release|x64.ActiveCfg = Release|x64
		{6A7199FB-6DD4-4BB7-9E11-2375FF0DC2C4}.Release|x64.Build.0 = Release|x64
		{6A7199FB-6DD4-4BB7-9E11-2375FF0DC2C4}.Release|x86.ActiveCfg = Release|Win32
		{6A7199FB-6DD4-4BB7-9E11-2375FF0DC2C4}.Release|x86.Build.0 = Release|Win32
		{3A0173DA-E442-4F08-946D-66CA1F705B49}.Debug|Win32.ActiveCfg = Debug|Win32
		{3A0173DA-E442-4F08-946D-66CA1F705B49}.Debug|Win32.Build.0 = Debug|Win32
		{3A0173DA-E442-4F08-946D-66CA1F705B49}.Debug|x64.ActiveCfg = Debug|x64
		{3A0173DA-E442-4F08-946D-66CA1F705B49}.Debug|x64.Build.0 = Debug|x64
		{3A0173DA-E442-4F08-946D-66CA1F705B49}.Debug|x86.ActiveCfg = Debug|Win32
		{3A0173DA-E442-4F08-946D-66CA1F705B49}.Debug|x86.Build.0 = Debug|Win32
		{3A0173DA-E442-4F08-946D-66CA1F705B49}.Profile|Win32.ActiveCfg = Release|Win32
		{3A0173DA-E442-4F08-946D-66CA1F705B49}.Profile|Win32.Build.0 = Release|Win32
		{3A0173DA-E442-4F08-946D-66CA1F705B49}.Profile|x64.ActiveCfg = Release|x64
		{3A0173DA-E442-4F08-946D-66CA1F705B49}.Profile|x64.Build.0 = Release|x64
		{3A0173DA-E442-4F08-946D-66CA1F705B49}.Profile|x86.ActiveCfg = Release|Win32
		{3A0173DA-E442-4F08-946D-66CA1F705B49}.Profile|x86.Build.0 = Release|Win32
		{3A0173DA-E442-4F08-946D-66CA1F705B49}.Release|Win32.ActiveCfg = Release|Win32
		{3A0173DA-E442-4F08-946D-66CA1F705B49}.Release|Win32.Build.0 = Release|Win32
		{3A0173DA-E442-4F08-946D-66CA1F705B49}.Release|x64.ActiveCfg = Release|x64
		{3A0173DA-E442-4F08-946D-66CA1F705B49}.Release|x64.Build.0 = Release|x64
		{3A0173DA-E442-4F08-946D-66CA1F705B49}.Release|x86.ActiveCfg = Release|Win32
		{3A0173DA-E442-4F08-946D-66CA1F705B49}.Release|x86.Build.0 = Release|Win32
	EndGlobalSection
	GlobalSection(SolutionProperties) = preSolution
		HideSolutionNode = FALSE
	EndGlobalSection
	GlobalSection(ExtensibilityGlobals) = postSolution
		SolutionGuid = {D295A1F8-7789-433B-8AD1-16D733D363AF}
	EndGlobalSection
EndGlobal
