
Microsoft Visual Studio Solution File, Format Version 12.00
# Visual Studio 15
Project("{FAE04EC0-301F-11D3-BF4B-00C04F79EFBC}") = "Assembly-CSharp", "Assembly-CSharp.csproj", "{AEB298D1-614F-846D-FB17-65F9222F3367}"
EndProject
Project("{FAE04EC0-301F-11D3-BF4B-00C04F79EFBC}") = "Assembly-CSharp-firstpass", "Assembly-CSharp-firstpass.csproj", "{6FFD7C2D-7967-9700-5117-E0B0EA688578}"
EndProject
Project("{FAE04EC0-301F-11D3-BF4B-00C04F79EFBC}") = "Assembly-CSharp-Editor-firstpass", "Assembly-CSharp-Editor-firstpass.csproj", "{6AF742FC-F7EA-8FE7-FD72-55DD46F15D50}"
EndProject
Global
	GlobalSection(SolutionConfigurationPlatforms) = preSolution
		Debug|Any CPU = Debug|Any CPU
		Release|Any CPU = Release|Any CPU
	EndGlobalSection
	GlobalSection(ProjectConfigurationPlatforms) = postSolution
		{AEB298D1-614F-846D-FB17-65F9222F3367}.Debug|Any CPU.ActiveCfg = Debug|Any CPU
		{AEB298D1-614F-846D-FB17-65F9222F3367}.Debug|Any CPU.Build.0 = Debug|Any CPU
		{AEB298D1-614F-846D-FB17-65F9222F3367}.Release|Any CPU.ActiveCfg = Release|Any CPU
		{AEB298D1-614F-846D-FB17-65F9222F3367}.Release|Any CPU.Build.0 = Release|Any CPU
		{6FFD7C2D-7967-9700-5117-E0B0EA688578}.Debug|Any CPU.ActiveCfg = Debug|Any CPU
		{6FFD7C2D-7967-9700-5117-E0B0EA688578}.Debug|Any CPU.Build.0 = Debug|Any CPU
		{6FFD7C2D-7967-9700-5117-E0B0EA688578}.Release|Any CPU.ActiveCfg = Release|Any CPU
		{6FFD7C2D-7967-9700-5117-E0B0EA688578}.Release|Any CPU.Build.0 = Release|Any CPU
		{6AF742FC-F7EA-8FE7-FD72-55DD46F15D50}.Debug|Any CPU.ActiveCfg = Debug|Any CPU
		{6AF742FC-F7EA-8FE7-FD72-55DD46F15D50}.Debug|Any CPU.Build.0 = Debug|Any CPU
		{6AF742FC-F7EA-8FE7-FD72-55DD46F15D50}.Release|Any CPU.ActiveCfg = Release|Any CPU
		{6AF742FC-F7EA-8FE7-FD72-55DD46F15D50}.Release|Any CPU.Build.0 = Release|Any CPU
	EndGlobalSection
	GlobalSection(SolutionProperties) = preSolution
		HideSolutionNode = FALSE
	EndGlobalSection
EndGlobal
