
Microsoft Visual Studio Solution File, Format Version 12.00
# Visual Studio 15
Project("{FAE04EC0-301F-11D3-BF4B-00C04F79EFBC}") = "Assembly-CSharp", "Assembly-CSharp.csproj", "{22F5B299-80A9-5F7A-23CC-BD7E751E4A61}"
EndProject
Global
	GlobalSection(SolutionConfigurationPlatforms) = preSolution
		Debug|Any CPU = Debug|Any CPU
		Release|Any CPU = Release|Any CPU
	EndGlobalSection
	GlobalSection(ProjectConfigurationPlatforms) = postSolution
		{22F5B299-80A9-5F7A-23CC-BD7E751E4A61}.Debug|Any CPU.ActiveCfg = Debug|Any CPU
		{22F5B299-80A9-5F7A-23CC-BD7E751E4A61}.Debug|Any CPU.Build.0 = Debug|Any CPU
		{22F5B299-80A9-5F7A-23CC-BD7E751E4A61}.Release|Any CPU.ActiveCfg = Release|Any CPU
		{22F5B299-80A9-5F7A-23CC-BD7E751E4A61}.Release|Any CPU.Build.0 = Release|Any CPU
	EndGlobalSection
	GlobalSection(SolutionProperties) = preSolution
		HideSolutionNode = FALSE
	EndGlobalSection
EndGlobal
