
Microsoft Visual Studio Solution File, Format Version 12.00
# Visual Studio 15
Project("{FAE04EC0-301F-11D3-BF4B-00C04F79EFBC}") = "Assembly-CSharp", "Assembly-CSharp.csproj", "{AB62A7EA-F1B1-236A-8BEE-6654698B7948}"
EndProject
Global
	GlobalSection(SolutionConfigurationPlatforms) = preSolution
		Debug|Any CPU = Debug|Any CPU
		Release|Any CPU = Release|Any CPU
	EndGlobalSection
	GlobalSection(ProjectConfigurationPlatforms) = postSolution
		{AB62A7EA-F1B1-236A-8BEE-6654698B7948}.Debug|Any CPU.ActiveCfg = Debug|Any CPU
		{AB62A7EA-F1B1-236A-8BEE-6654698B7948}.Debug|Any CPU.Build.0 = Debug|Any CPU
		{AB62A7EA-F1B1-236A-8BEE-6654698B7948}.Release|Any CPU.ActiveCfg = Release|Any CPU
		{AB62A7EA-F1B1-236A-8BEE-6654698B7948}.Release|Any CPU.Build.0 = Release|Any CPU
	EndGlobalSection
	GlobalSection(SolutionProperties) = preSolution
		HideSolutionNode = FALSE
	EndGlobalSection
EndGlobal
