<?xml version="1.0" encoding="utf-8"?>
<Project ToolsVersion="4.0" xmlns="http://schemas.microsoft.com/developer/msbuild/2003">
  <ItemGroup>
    <ClCompile Include="LinearAlgebra.cpp" />
    <ClCompile Include="KMatrix2.cpp">
      <Filter>Source</Filter>
    </ClCompile>
    <ClCompile Include="KVector2.cpp">
      <Filter>Source</Filter>
    </ClCompile>
    <ClCompile Include="KVectorUtil.cpp">
      <Filter>Source</Filter>
    </ClCompile>
    <ClCompile Include="KMath.cpp" />
    <ClCompile Include="KCircleShape.cpp">
      <Filter>Physics</Filter>
    </ClCompile>
    <ClCompile Include="KPolygonShape.cpp">
      <Filter>Physics</Filter>
    </ClCompile>
    <ClCompile Include="KRigidbody.cpp">
      <Filter>Physics</Filter>
    </ClCompile>
    <ClCompile Include="KWorld.cpp">
      <Filter>Physics</Filter>
    </ClCompile>
  </ItemGroup>
  <ItemGroup>
    <ClInclude Include="LinearAlgebra.h" />
    <ClInclude Include="KBasis2.h">
      <Filter>Source</Filter>
    </ClInclude>
    <ClInclude Include="KMatrix2.h">
      <Filter>Source</Filter>
    </ClInclude>
    <ClInclude Include="KScreenCoordinate.h">
      <Filter>Source</Filter>
    </ClInclude>
    <ClInclude Include="KVector2.h">
      <Filter>Source</Filter>
    </ClInclude>
    <ClInclude Include="KVectorUtil.h">
      <Filter>Source</Filter>
    </ClInclude>
    <ClInclude Include="resource.h">
      <Filter>Source</Filter>
    </ClInclude>
    <ClInclude Include="targetver.h">
      <Filter>Source</Filter>
    </ClInclude>
    <ClInclude Include="KGlobalConstants.h" />
    <ClInclude Include="KMath.h" />
    <ClInclude Include="KPhysicsEngine.h" />
    <ClInclude Include="KShape.h">
      <Filter>Physics</Filter>
    </ClInclude>
    <ClInclude Include="KCircleShape.h">
      <Filter>Physics</Filter>
    </ClInclude>
    <ClInclude Include="KPolygonShape.h">
      <Filter>Physics</Filter>
    </ClInclude>
    <ClInclude Include="KRigidbody.h">
      <Filter>Physics</Filter>
    </ClInclude>
    <ClInclude Include="KWorld.h">
      <Filter>Physics</Filter>
    </ClInclude>
  </ItemGroup>
  <ItemGroup>
    <ResourceCompile Include="LinearAlgebra.rc" />
  </ItemGroup>
  <ItemGroup>
    <Image Include="LinearAlgebra.ico" />
    <Image Include="small.ico" />
  </ItemGroup>
  <ItemGroup>
    <Filter Include="Source">
      <UniqueIdentifier>{94711aa0-a675-4e20-8bcd-dfe3cf17e378}</UniqueIdentifier>
    </Filter>
    <Filter Include="Physics">
      <UniqueIdentifier>{e03013fd-a7cd-4823-b110-f1c21bc5dcba}</UniqueIdentifier>
    </Filter>
  </ItemGroup>
</Project>