
Microsoft Visual Studio Solution File, Format Version 12.00
# Visual Studio 15
VisualStudioVersion = 15.0.28307.757
MinimumVisualStudioVersion = 10.0.40219.1
Project("{8BC9CEB8-8B4A-11D0-8D11-00A0C91BC942}") = "LinearAlgebra Step01", "LinearAlgebra_Step01\LinearAlgebra Step01.vcxproj", "{B5A2145C-7DDF-40B7-BE52-49A662400CF4}"
EndProject
Project("{8BC9CEB8-8B4A-11D0-8D11-00A0C91BC942}") = "LinearAlgebra Step04 _Prepare", "LinearAlgebra_Step04 _Prepare\LinearAlgebra Step04 _Prepare.vcxproj", "{BA584F22-45BF-41A6-BD3D-E2035D892906}"
EndProject
Project("{8BC9CEB8-8B4A-11D0-8D11-00A0C91BC942}") = "LinearAlgebra Step04 Matrix2", "LinearAlgebra_Step04 Matrix2\LinearAlgebra Step04 Matrix2.vcxproj", "{60E05C4A-4A85-4118-849B-0F38071BF4A6}"
EndProject
Project("{8BC9CEB8-8B4A-11D0-8D11-00A0C91BC942}") = "LinearAlgebra Step07 Polygon", "LinearAlgebra_Step07 Polygon\LinearAlgebra Step07 Polygon.vcxproj", "{3599BB0C-24BD-4713-9A9F-390F77BB7B06}"
EndProject
Project("{8BC9CEB8-8B4A-11D0-8D11-00A0C91BC942}") = "LinearAlgebra Step08 Isometric Projection", "LinearAlgebra_Step08 Isometrix Projection\LinearAlgebra Step08 Isometric Projection.vcxproj", "{3EE3372A-8676-4F78-9986-DA6251D270BB}"
EndProject
Project("{8BC9CEB8-8B4A-11D0-8D11-00A0C91BC942}") = "LinearAlgebra Step09 Perspective Projection", "LinearAlgebra_Step09 Perspective Projection\LinearAlgebra Step09 Perspective Projection.vcxproj", "{59784E03-EE86-40A3-AACF-6DDF05168E27}"
EndProject
Project("{8BC9CEB8-8B4A-11D0-8D11-00A0C91BC942}") = "LinearAlgebra Step05 Matrix2 Multiplication", "LinearAlgebra_Step05 Matrix2 Multiplication\LinearAlgebra Step05 Matrix2 Multiplication.vcxproj", "{EF22908A-F6C1-41ED-B60B-E8AF156AD35B}"
EndProject
Project("{8BC9CEB8-8B4A-11D0-8D11-00A0C91BC942}") = "LinearAlgebra Step02 Vectors", "LinearAlgebra_Step02 Vectors\LinearAlgebra Step02 Vectors.vcxproj", "{4B905DEC-52D1-4492-AA61-ECFE963F4E91}"
EndProject
Project("{8BC9CEB8-8B4A-11D0-8D11-00A0C91BC942}") = "LinearAlgebra Step03 Basis", "LinearAlgebra_Step03 Basis\LinearAlgebra Step03 Basis.vcxproj", "{3118116B-C95A-496E-872F-F45D4E425429}"
EndProject
Project("{8BC9CEB8-8B4A-11D0-8D11-00A0C91BC942}") = "LinearAlgebra Step06 Homogeneous Matrix3", "LinearAlgebra_Step06 Homogeneous Matrix3\LinearAlgebra Step06 Homogeneous Matrix3.vcxproj", "{069D3D80-5C60-4E29-8800-8196DC7D746A}"
EndProject
Project("{8BC9CEB8-8B4A-11D0-8D11-00A0C91BC942}") = "LinearAlgebra Step09 Perspective Projection 2", "LinearAlgebra_Step09 Perspective Projection 2\LinearAlgebra Step09 Perspective Projection 2.vcxproj", "{A419C592-C07A-4F2E-9F3C-8106D39C5521}"
EndProject
Project("{8BC9CEB8-8B4A-11D0-8D11-00A0C91BC942}") = "LinearAlgebra Step10 Scan Conversion1 PutPixel", "LinearAlgebra_Step10 Scan Conversion1 PutPixel\LinearAlgebra Step10 Scan Conversion1 PutPixel.vcxproj", "{E2EC8540-381C-49CF-8979-BC4D1C410F0A}"
EndProject
Project("{8BC9CEB8-8B4A-11D0-8D11-00A0C91BC942}") = "LinearAlgebra Step10 Scan Conversion2 DrawLine", "LinearAlgebra_Step10 Scan Conversion2 DrawLine\LinearAlgebra Step10 Scan Conversion2 DrawLine.vcxproj", "{5AE70BA1-BB7C-4960-9D62-3249B34127B0}"
EndProject
Project("{8BC9CEB8-8B4A-11D0-8D11-00A0C91BC942}") = "LinearAlgebra Step11 Scan Conversion3 FillTriangle", "LinearAlgebra_Step11 Scan Conversion3 FillTriangle\LinearAlgebra Step11 Scan Conversion3 FillTriangle.vcxproj", "{0F2646CE-1954-4470-B11F-EE2144C02092}"
EndProject
Project("{8BC9CEB8-8B4A-11D0-8D11-00A0C91BC942}") = "LinearAlgebra Step12 Colored Cube", "LinearAlgebra_Step12 Colored Cube\LinearAlgebra Step12 Colored Cube.vcxproj", "{271410E4-AE97-47C0-A094-A4B8E22F082B}"
EndProject
Project("{8BC9CEB8-8B4A-11D0-8D11-00A0C91BC942}") = "LinearAlgebra Step13 Light and Material", "LinearAlgebra_Step13 Light and Material\LinearAlgebra Step13 Light and Material.vcxproj", "{4CF6FA3A-10AF-467E-A189-C6B20A5755C5}"
EndProject
Project("{8BC9CEB8-8B4A-11D0-8D11-00A0C91BC942}") = "LinearAlgebra Step14 Vertex Color", "LinearAlgebra_Step14 Vertex Color\LinearAlgebra Step14 Vertex Color.vcxproj", "{DD559015-C531-4E8D-B44F-D332E009818C}"
EndProject
Project("{8BC9CEB8-8B4A-11D0-8D11-00A0C91BC942}") = "LinearAlgebra Step15 Texture", "LinearAlgebra_Step15 Texture\LinearAlgebra Step15 Texture.vcxproj", "{3148E1DD-3012-4D62-972B-8B9579760B1A}"
EndProject
Project("{8BC9CEB8-8B4A-11D0-8D11-00A0C91BC942}") = "Textures", "LinearAlgebra_Step99 DirectX\Tut05_Textures\Textures_2010.vcxproj", "{D3D09005-96D0-4629-88B8-122C0256058C}"
EndProject
Project("{8BC9CEB8-8B4A-11D0-8D11-00A0C91BC942}") = "LinearAlgebra_Step05 Matrix2 Multiplication2 Problem", "LinearAlgebra_Step05 Matrix2 Multiplication2 Problem\LinearAlgebra_Step05 Matrix2 Multiplication2 Problem.vcxproj", "{4E79BC18-EA3D-4229-B80C-090445E7014F}"
EndProject
Project("{8BC9CEB8-8B4A-11D0-8D11-00A0C91BC942}") = "LinearAlgebra_Step13b Viewing Transform", "LinearAlgebra_Step13b Viewing Transform\LinearAlgebra_Step13b Viewing Transform.vcxproj", "{EA0A1392-6D29-45E4-AD2B-0DA2FA910F5F}"
EndProject
Global
	GlobalSection(SolutionConfigurationPlatforms) = preSolution
		Debug|Win32 = Debug|Win32
		Debug|x64 = Debug|x64
		Debug|x86 = Debug|x86
		Profile|Win32 = Profile|Win32
		Profile|x64 = Profile|x64
		Profile|x86 = Profile|x86
		Release|Win32 = Release|Win32
		Release|x64 = Release|x64
		Release|x86 = Release|x86
	EndGlobalSection
	GlobalSection(ProjectConfigurationPlatforms) = postSolution
		{B5A2145C-7DDF-40B7-BE52-49A662400CF4}.Debug|Win32.ActiveCfg = Debug|Win32
		{B5A2145C-7DDF-40B7-BE52-49A662400CF4}.Debug|Win32.Build.0 = Debug|Win32
		{B5A2145C-7DDF-40B7-BE52-49A662400CF4}.Debug|x64.ActiveCfg = Debug|x64
		{B5A2145C-7DDF-40B7-BE52-49A662400CF4}.Debug|x64.Build.0 = Debug|x64
		{B5A2145C-7DDF-40B7-BE52-49A662400CF4}.Debug|x86.ActiveCfg = Debug|Win32
		{B5A2145C-7DDF-40B7-BE52-49A662400CF4}.Debug|x86.Build.0 = Debug|Win32
		{B5A2145C-7DDF-40B7-BE52-49A662400CF4}.Profile|Win32.ActiveCfg = Release|Win32
		{B5A2145C-7DDF-40B7-BE52-49A662400CF4}.Profile|Win32.Build.0 = Release|Win32
		{B5A2145C-7DDF-40B7-BE52-49A662400CF4}.Profile|x64.ActiveCfg = Release|x64
		{B5A2145C-7DDF-40B7-BE52-49A662400CF4}.Profile|x64.Build.0 = Release|x64
		{B5A2145C-7DDF-40B7-BE52-49A662400CF4}.Profile|x86.ActiveCfg = Release|Win32
		{B5A2145C-7DDF-40B7-BE52-49A662400CF4}.Profile|x86.Build.0 = Release|Win32
		{B5A2145C-7DDF-40B7-BE52-49A662400CF4}.Release|Win32.ActiveCfg = Release|Win32
		{B5A2145C-7DDF-40B7-BE52-49A662400CF4}.Release|Win32.Build.0 = Release|Win32
		{B5A2145C-7DDF-40B7-BE52-49A662400CF4}.Release|x64.ActiveCfg = Release|x64
		{B5A2145C-7DDF-40B7-BE52-49A662400CF4}.Release|x64.Build.0 = Release|x64
		{B5A2145C-7DDF-40B7-BE52-49A662400CF4}.Release|x86.ActiveCfg = Release|Win32
		{B5A2145C-7DDF-40B7-BE52-49A662400CF4}.Release|x86.Build.0 = Release|Win32
		{BA584F22-45BF-41A6-BD3D-E2035D892906}.Debug|Win32.ActiveCfg = Debug|Win32
		{BA584F22-45BF-41A6-BD3D-E2035D892906}.Debug|Win32.Build.0 = Debug|Win32
		{BA584F22-45BF-41A6-BD3D-E2035D892906}.Debug|x64.ActiveCfg = Debug|x64
		{BA584F22-45BF-41A6-BD3D-E2035D892906}.Debug|x64.Build.0 = Debug|x64
		{BA584F22-45BF-41A6-BD3D-E2035D892906}.Debug|x86.ActiveCfg = Debug|Win32
		{BA584F22-45BF-41A6-BD3D-E2035D892906}.Debug|x86.Build.0 = Debug|Win32
		{BA584F22-45BF-41A6-BD3D-E2035D892906}.Profile|Win32.ActiveCfg = Release|Win32
		{BA584F22-45BF-41A6-BD3D-E2035D892906}.Profile|Win32.Build.0 = Release|Win32
		{BA584F22-45BF-41A6-BD3D-E2035D892906}.Profile|x64.ActiveCfg = Release|x64
		{BA584F22-45BF-41A6-BD3D-E2035D892906}.Profile|x64.Build.0 = Release|x64
		{BA584F22-45BF-41A6-BD3D-E2035D892906}.Profile|x86.ActiveCfg = Release|Win32
		{BA584F22-45BF-41A6-BD3D-E2035D892906}.Profile|x86.Build.0 = Release|Win32
		{BA584F22-45BF-41A6-BD3D-E2035D892906}.Release|Win32.ActiveCfg = Release|Win32
		{BA584F22-45BF-41A6-BD3D-E2035D892906}.Release|Win32.Build.0 = Release|Win32
		{BA584F22-45BF-41A6-BD3D-E2035D892906}.Release|x64.ActiveCfg = Release|x64
		{BA584F22-45BF-41A6-BD3D-E2035D892906}.Release|x64.Build.0 = Release|x64
		{BA584F22-45BF-41A6-BD3D-E2035D892906}.Release|x86.ActiveCfg = Release|Win32
		{BA584F22-45BF-41A6-BD3D-E2035D892906}.Release|x86.Build.0 = Release|Win32
		{60E05C4A-4A85-4118-849B-0F38071BF4A6}.Debug|Win32.ActiveCfg = Debug|Win32
		{60E05C4A-4A85-4118-849B-0F38071BF4A6}.Debug|Win32.Build.0 = Debug|Win32
		{60E05C4A-4A85-4118-849B-0F38071BF4A6}.Debug|x64.ActiveCfg = Debug|x64
		{60E05C4A-4A85-4118-849B-0F38071BF4A6}.Debug|x64.Build.0 = Debug|x64
		{60E05C4A-4A85-4118-849B-0F38071BF4A6}.Debug|x86.ActiveCfg = Debug|Win32
		{60E05C4A-4A85-4118-849B-0F38071BF4A6}.Debug|x86.Build.0 = Debug|Win32
		{60E05C4A-4A85-4118-849B-0F38071BF4A6}.Profile|Win32.ActiveCfg = Release|Win32
		{60E05C4A-4A85-4118-849B-0F38071BF4A6}.Profile|Win32.Build.0 = Release|Win32
		{60E05C4A-4A85-4118-849B-0F38071BF4A6}.Profile|x64.ActiveCfg = Release|x64
		{60E05C4A-4A85-4118-849B-0F38071BF4A6}.Profile|x64.Build.0 = Release|x64
		{60E05C4A-4A85-4118-849B-0F38071BF4A6}.Profile|x86.ActiveCfg = Release|Win32
		{60E05C4A-4A85-4118-849B-0F38071BF4A6}.Profile|x86.Build.0 = Release|Win32
		{60E05C4A-4A85-4118-849B-0F38071BF4A6}.Release|Win32.ActiveCfg = Release|Win32
		{60E05C4A-4A85-4118-849B-0F38071BF4A6}.Release|Win32.Build.0 = Release|Win32
		{60E05C4A-4A85-4118-849B-0F38071BF4A6}.Release|x64.ActiveCfg = Release|x64
		{60E05C4A-4A85-4118-849B-0F38071BF4A6}.Release|x64.Build.0 = Release|x64
		{60E05C4A-4A85-4118-849B-0F38071BF4A6}.Release|x86.ActiveCfg = Release|Win32
		{60E05C4A-4A85-4118-849B-0F38071BF4A6}.Release|x86.Build.0 = Release|Win32
		{3599BB0C-24BD-4713-9A9F-390F77BB7B06}.Debug|Win32.ActiveCfg = Debug|Win32
		{3599BB0C-24BD-4713-9A9F-390F77BB7B06}.Debug|Win32.Build.0 = Debug|Win32
		{3599BB0C-24BD-4713-9A9F-390F77BB7B06}.Debug|x64.ActiveCfg = Debug|x64
		{3599BB0C-24BD-4713-9A9F-390F77BB7B06}.Debug|x64.Build.0 = Debug|x64
		{3599BB0C-24BD-4713-9A9F-390F77BB7B06}.Debug|x86.ActiveCfg = Debug|Win32
		{3599BB0C-24BD-4713-9A9F-390F77BB7B06}.Debug|x86.Build.0 = Debug|Win32
		{3599BB0C-24BD-4713-9A9F-390F77BB7B06}.Profile|Win32.ActiveCfg = Release|Win32
		{3599BB0C-24BD-4713-9A9F-390F77BB7B06}.Profile|Win32.Build.0 = Release|Win32
		{3599BB0C-24BD-4713-9A9F-390F77BB7B06}.Profile|x64.ActiveCfg = Release|x64
		{3599BB0C-24BD-4713-9A9F-390F77BB7B06}.Profile|x64.Build.0 = Release|x64
		{3599BB0C-24BD-4713-9A9F-390F77BB7B06}.Profile|x86.ActiveCfg = Release|Win32
		{3599BB0C-24BD-4713-9A9F-390F77BB7B06}.Profile|x86.Build.0 = Release|Win32
		{3599BB0C-24BD-4713-9A9F-390F77BB7B06}.Release|Win32.ActiveCfg = Release|Win32
		{3599BB0C-24BD-4713-9A9F-390F77BB7B06}.Release|Win32.Build.0 = Release|Win32
		{3599BB0C-24BD-4713-9A9F-390F77BB7B06}.Release|x64.ActiveCfg = Release|x64
		{3599BB0C-24BD-4713-9A9F-390F77BB7B06}.Release|x64.Build.0 = Release|x64
		{3599BB0C-24BD-4713-9A9F-390F77BB7B06}.Release|x86.ActiveCfg = Release|Win32
		{3599BB0C-24BD-4713-9A9F-390F77BB7B06}.Release|x86.Build.0 = Release|Win32
		{3EE3372A-8676-4F78-9986-DA6251D270BB}.Debug|Win32.ActiveCfg = Debug|Win32
		{3EE3372A-8676-4F78-9986-DA6251D270BB}.Debug|Win32.Build.0 = Debug|Win32
		{3EE3372A-8676-4F78-9986-DA6251D270BB}.Debug|x64.ActiveCfg = Debug|x64
		{3EE3372A-8676-4F78-9986-DA6251D270BB}.Debug|x64.Build.0 = Debug|x64
		{3EE3372A-8676-4F78-9986-DA6251D270BB}.Debug|x86.ActiveCfg = Debug|Win32
		{3EE3372A-8676-4F78-9986-DA6251D270BB}.Debug|x86.Build.0 = Debug|Win32
		{3EE3372A-8676-4F78-9986-DA6251D270BB}.Profile|Win32.ActiveCfg = Release|Win32
		{3EE3372A-8676-4F78-9986-DA6251D270BB}.Profile|Win32.Build.0 = Release|Win32
		{3EE3372A-8676-4F78-9986-DA6251D270BB}.Profile|x64.ActiveCfg = Release|x64
		{3EE3372A-8676-4F78-9986-DA6251D270BB}.Profile|x64.Build.0 = Release|x64
		{3EE3372A-8676-4F78-9986-DA6251D270BB}.Profile|x86.ActiveCfg = Release|Win32
		{3EE3372A-8676-4F78-9986-DA6251D270BB}.Profile|x86.Build.0 = Release|Win32
		{3EE3372A-8676-4F78-9986-DA6251D270BB}.Release|Win32.ActiveCfg = Release|Win32
		{3EE3372A-8676-4F78-9986-DA6251D270BB}.Release|Win32.Build.0 = Release|Win32
		{3EE3372A-8676-4F78-9986-DA6251D270BB}.Release|x64.ActiveCfg = Release|x64
		{3EE3372A-8676-4F78-9986-DA6251D270BB}.Release|x64.Build.0 = Release|x64
		{3EE3372A-8676-4F78-9986-DA6251D270BB}.Release|x86.ActiveCfg = Release|Win32
		{3EE3372A-8676-4F78-9986-DA6251D270BB}.Release|x86.Build.0 = Release|Win32
		{59784E03-EE86-40A3-AACF-6DDF05168E27}.Debug|Win32.ActiveCfg = Debug|Win32
		{59784E03-EE86-40A3-AACF-6DDF05168E27}.Debug|Win32.Build.0 = Debug|Win32
		{59784E03-EE86-40A3-AACF-6DDF05168E27}.Debug|x64.ActiveCfg = Debug|x64
		{59784E03-EE86-40A3-AACF-6DDF05168E27}.Debug|x64.Build.0 = Debug|x64
		{59784E03-EE86-40A3-AACF-6DDF05168E27}.Debug|x86.ActiveCfg = Debug|Win32
		{59784E03-EE86-40A3-AACF-6DDF05168E27}.Debug|x86.Build.0 = Debug|Win32
		{59784E03-EE86-40A3-AACF-6DDF05168E27}.Profile|Win32.ActiveCfg = Release|Win32
		{59784E03-EE86-40A3-AACF-6DDF05168E27}.Profile|Win32.Build.0 = Release|Win32
		{59784E03-EE86-40A3-AACF-6DDF05168E27}.Profile|x64.ActiveCfg = Release|x64
		{59784E03-EE86-40A3-AACF-6DDF05168E27}.Profile|x64.Build.0 = Release|x64
		{59784E03-EE86-40A3-AACF-6DDF05168E27}.Profile|x86.ActiveCfg = Release|Win32
		{59784E03-EE86-40A3-AACF-6DDF05168E27}.Profile|x86.Build.0 = Release|Win32
		{59784E03-EE86-40A3-AACF-6DDF05168E27}.Release|Win32.ActiveCfg = Release|Win32
		{59784E03-EE86-40A3-AACF-6DDF05168E27}.Release|Win32.Build.0 = Release|Win32
		{59784E03-EE86-40A3-AACF-6DDF05168E27}.Release|x64.ActiveCfg = Release|x64
		{59784E03-EE86-40A3-AACF-6DDF05168E27}.Release|x64.Build.0 = Release|x64
		{59784E03-EE86-40A3-AACF-6DDF05168E27}.Release|x86.ActiveCfg = Release|Win32
		{59784E03-EE86-40A3-AACF-6DDF05168E27}.Release|x86.Build.0 = Release|Win32
		{EF22908A-F6C1-41ED-B60B-E8AF156AD35B}.Debug|Win32.ActiveCfg = Debug|Win32
		{EF22908A-F6C1-41ED-B60B-E8AF156AD35B}.Debug|Win32.Build.0 = Debug|Win32
		{EF22908A-F6C1-41ED-B60B-E8AF156AD35B}.Debug|x64.ActiveCfg = Debug|x64
		{EF22908A-F6C1-41ED-B60B-E8AF156AD35B}.Debug|x64.Build.0 = Debug|x64
		{EF22908A-F6C1-41ED-B60B-E8AF156AD35B}.Debug|x86.ActiveCfg = Debug|Win32
		{EF22908A-F6C1-41ED-B60B-E8AF156AD35B}.Debug|x86.Build.0 = Debug|Win32
		{EF22908A-F6C1-41ED-B60B-E8AF156AD35B}.Profile|Win32.ActiveCfg = Release|Win32
		{EF22908A-F6C1-41ED-B60B-E8AF156AD35B}.Profile|Win32.Build.0 = Release|Win32
		{EF22908A-F6C1-41ED-B60B-E8AF156AD35B}.Profile|x64.ActiveCfg = Release|x64
		{EF22908A-F6C1-41ED-B60B-E8AF156AD35B}.Profile|x64.Build.0 = Release|x64
		{EF22908A-F6C1-41ED-B60B-E8AF156AD35B}.Profile|x86.ActiveCfg = Release|Win32
		{EF22908A-F6C1-41ED-B60B-E8AF156AD35B}.Profile|x86.Build.0 = Release|Win32
		{EF22908A-F6C1-41ED-B60B-E8AF156AD35B}.Release|Win32.ActiveCfg = Release|Win32
		{EF22908A-F6C1-41ED-B60B-E8AF156AD35B}.Release|Win32.Build.0 = Release|Win32
		{EF22908A-F6C1-41ED-B60B-E8AF156AD35B}.Release|x64.ActiveCfg = Release|x64
		{EF22908A-F6C1-41ED-B60B-E8AF156AD35B}.Release|x64.Build.0 = Release|x64
		{EF22908A-F6C1-41ED-B60B-E8AF156AD35B}.Release|x86.ActiveCfg = Release|Win32
		{EF22908A-F6C1-41ED-B60B-E8AF156AD35B}.Release|x86.Build.0 = Release|Win32
		{4B905DEC-52D1-4492-AA61-ECFE963F4E91}.Debug|Win32.ActiveCfg = Debug|Win32
		{4B905DEC-52D1-4492-AA61-ECFE963F4E91}.Debug|Win32.Build.0 = Debug|Win32
		{4B905DEC-52D1-4492-AA61-ECFE963F4E91}.Debug|x64.ActiveCfg = Debug|x64
		{4B905DEC-52D1-4492-AA61-ECFE963F4E91}.Debug|x64.Build.0 = Debug|x64
		{4B905DEC-52D1-4492-AA61-ECFE963F4E91}.Debug|x86.ActiveCfg = Debug|Win32
		{4B905DEC-52D1-4492-AA61-ECFE963F4E91}.Debug|x86.Build.0 = Debug|Win32
		{4B905DEC-52D1-4492-AA61-ECFE963F4E91}.Profile|Win32.ActiveCfg = Release|Win32
		{4B905DEC-52D1-4492-AA61-ECFE963F4E91}.Profile|Win32.Build.0 = Release|Win32
		{4B905DEC-52D1-4492-AA61-ECFE963F4E91}.Profile|x64.ActiveCfg = Release|x64
		{4B905DEC-52D1-4492-AA61-ECFE963F4E91}.Profile|x64.Build.0 = Release|x64
		{4B905DEC-52D1-4492-AA61-ECFE963F4E91}.Profile|x86.ActiveCfg = Release|Win32
		{4B905DEC-52D1-4492-AA61-ECFE963F4E91}.Profile|x86.Build.0 = Release|Win32
		{4B905DEC-52D1-4492-AA61-ECFE963F4E91}.Release|Win32.ActiveCfg = Release|Win32
		{4B905DEC-52D1-4492-AA61-ECFE963F4E91}.Release|Win32.Build.0 = Release|Win32
		{4B905DEC-52D1-4492-AA61-ECFE963F4E91}.Release|x64.ActiveCfg = Release|x64
		{4B905DEC-52D1-4492-AA61-ECFE963F4E91}.Release|x64.Build.0 = Release|x64
		{4B905DEC-52D1-4492-AA61-ECFE963F4E91}.Release|x86.ActiveCfg = Release|Win32
		{4B905DEC-52D1-4492-AA61-ECFE963F4E91}.Release|x86.Build.0 = Release|Win32
		{3118116B-C95A-496E-872F-F45D4E425429}.Debug|Win32.ActiveCfg = Debug|Win32
		{3118116B-C95A-496E-872F-F45D4E425429}.Debug|Win32.Build.0 = Debug|Win32
		{3118116B-C95A-496E-872F-F45D4E425429}.Debug|x64.ActiveCfg = Debug|x64
		{3118116B-C95A-496E-872F-F45D4E425429}.Debug|x64.Build.0 = Debug|x64
		{3118116B-C95A-496E-872F-F45D4E425429}.Debug|x86.ActiveCfg = Debug|Win32
		{3118116B-C95A-496E-872F-F45D4E425429}.Debug|x86.Build.0 = Debug|Win32
		{3118116B-C95A-496E-872F-F45D4E425429}.Profile|Win32.ActiveCfg = Release|Win32
		{3118116B-C95A-496E-872F-F45D4E425429}.Profile|Win32.Build.0 = Release|Win32
		{3118116B-C95A-496E-872F-F45D4E425429}.Profile|x64.ActiveCfg = Release|x64
		{3118116B-C95A-496E-872F-F45D4E425429}.Profile|x64.Build.0 = Release|x64
		{3118116B-C95A-496E-872F-F45D4E425429}.Profile|x86.ActiveCfg = Release|Win32
		{3118116B-C95A-496E-872F-F45D4E425429}.Profile|x86.Build.0 = Release|Win32
		{3118116B-C95A-496E-872F-F45D4E425429}.Release|Win32.ActiveCfg = Release|Win32
		{3118116B-C95A-496E-872F-F45D4E425429}.Release|Win32.Build.0 = Release|Win32
		{3118116B-C95A-496E-872F-F45D4E425429}.Release|x64.ActiveCfg = Release|x64
		{3118116B-C95A-496E-872F-F45D4E425429}.Release|x64.Build.0 = Release|x64
		{3118116B-C95A-496E-872F-F45D4E425429}.Release|x86.ActiveCfg = Release|Win32
		{3118116B-C95A-496E-872F-F45D4E425429}.Release|x86.Build.0 = Release|Win32
		{069D3D80-5C60-4E29-8800-8196DC7D746A}.Debug|Win32.ActiveCfg = Debug|Win32
		{069D3D80-5C60-4E29-8800-8196DC7D746A}.Debug|Win32.Build.0 = Debug|Win32
		{069D3D80-5C60-4E29-8800-8196DC7D746A}.Debug|x64.ActiveCfg = Debug|x64
		{069D3D80-5C60-4E29-8800-8196DC7D746A}.Debug|x64.Build.0 = Debug|x64
		{069D3D80-5C60-4E29-8800-8196DC7D746A}.Debug|x86.ActiveCfg = Debug|Win32
		{069D3D80-5C60-4E29-8800-8196DC7D746A}.Debug|x86.Build.0 = Debug|Win32
		{069D3D80-5C60-4E29-8800-8196DC7D746A}.Profile|Win32.ActiveCfg = Release|Win32
		{069D3D80-5C60-4E29-8800-8196DC7D746A}.Profile|Win32.Build.0 = Release|Win32
		{069D3D80-5C60-4E29-8800-8196DC7D746A}.Profile|x64.ActiveCfg = Release|x64
		{069D3D80-5C60-4E29-8800-8196DC7D746A}.Profile|x64.Build.0 = Release|x64
		{069D3D80-5C60-4E29-8800-8196DC7D746A}.Profile|x86.ActiveCfg = Release|Win32
		{069D3D80-5C60-4E29-8800-8196DC7D746A}.Profile|x86.Build.0 = Release|Win32
		{069D3D80-5C60-4E29-8800-8196DC7D746A}.Release|Win32.ActiveCfg = Release|Win32
		{069D3D80-5C60-4E29-8800-8196DC7D746A}.Release|Win32.Build.0 = Release|Win32
		{069D3D80-5C60-4E29-8800-8196DC7D746A}.Release|x64.ActiveCfg = Release|x64
		{069D3D80-5C60-4E29-8800-8196DC7D746A}.Release|x64.Build.0 = Release|x64
		{069D3D80-5C60-4E29-8800-8196DC7D746A}.Release|x86.ActiveCfg = Release|Win32
		{069D3D80-5C60-4E29-8800-8196DC7D746A}.Release|x86.Build.0 = Release|Win32
		{A419C592-C07A-4F2E-9F3C-8106D39C5521}.Debug|Win32.ActiveCfg = Debug|Win32
		{A419C592-C07A-4F2E-9F3C-8106D39C5521}.Debug|Win32.Build.0 = Debug|Win32
		{A419C592-C07A-4F2E-9F3C-8106D39C5521}.Debug|x64.ActiveCfg = Debug|x64
		{A419C592-C07A-4F2E-9F3C-8106D39C5521}.Debug|x64.Build.0 = Debug|x64
		{A419C592-C07A-4F2E-9F3C-8106D39C5521}.Debug|x86.ActiveCfg = Debug|Win32
		{A419C592-C07A-4F2E-9F3C-8106D39C5521}.Debug|x86.Build.0 = Debug|Win32
		{A419C592-C07A-4F2E-9F3C-8106D39C5521}.Profile|Win32.ActiveCfg = Release|Win32
		{A419C592-C07A-4F2E-9F3C-8106D39C5521}.Profile|Win32.Build.0 = Release|Win32
		{A419C592-C07A-4F2E-9F3C-8106D39C5521}.Profile|x64.ActiveCfg = Release|x64
		{A419C592-C07A-4F2E-9F3C-8106D39C5521}.Profile|x64.Build.0 = Release|x64
		{A419C592-C07A-4F2E-9F3C-8106D39C5521}.Profile|x86.ActiveCfg = Release|Win32
		{A419C592-C07A-4F2E-9F3C-8106D39C5521}.Profile|x86.Build.0 = Release|Win32
		{A419C592-C07A-4F2E-9F3C-8106D39C5521}.Release|Win32.ActiveCfg = Release|Win32
		{A419C592-C07A-4F2E-9F3C-8106D39C5521}.Release|Win32.Build.0 = Release|Win32
		{A419C592-C07A-4F2E-9F3C-8106D39C5521}.Release|x64.ActiveCfg = Release|x64
		{A419C592-C07A-4F2E-9F3C-8106D39C5521}.Release|x64.Build.0 = Release|x64
		{A419C592-C07A-4F2E-9F3C-8106D39C5521}.Release|x86.ActiveCfg = Release|Win32
		{A419C592-C07A-4F2E-9F3C-8106D39C5521}.Release|x86.Build.0 = Release|Win32
		{E2EC8540-381C-49CF-8979-BC4D1C410F0A}.Debug|Win32.ActiveCfg = Debug|Win32
		{E2EC8540-381C-49CF-8979-BC4D1C410F0A}.Debug|Win32.Build.0 = Debug|Win32
		{E2EC8540-381C-49CF-8979-BC4D1C410F0A}.Debug|x64.ActiveCfg = Debug|x64
		{E2EC8540-381C-49CF-8979-BC4D1C410F0A}.Debug|x64.Build.0 = Debug|x64
		{E2EC8540-381C-49CF-8979-BC4D1C410F0A}.Debug|x86.ActiveCfg = Debug|Win32
		{E2EC8540-381C-49CF-8979-BC4D1C410F0A}.Debug|x86.Build.0 = Debug|Win32
		{E2EC8540-381C-49CF-8979-BC4D1C410F0A}.Profile|Win32.ActiveCfg = Release|Win32
		{E2EC8540-381C-49CF-8979-BC4D1C410F0A}.Profile|Win32.Build.0 = Release|Win32
		{E2EC8540-381C-49CF-8979-BC4D1C410F0A}.Profile|x64.ActiveCfg = Release|x64
		{E2EC8540-381C-49CF-8979-BC4D1C410F0A}.Profile|x64.Build.0 = Release|x64
		{E2EC8540-381C-49CF-8979-BC4D1C410F0A}.Profile|x86.ActiveCfg = Release|Win32
		{E2EC8540-381C-49CF-8979-BC4D1C410F0A}.Profile|x86.Build.0 = Release|Win32
		{E2EC8540-381C-49CF-8979-BC4D1C410F0A}.Release|Win32.ActiveCfg = Release|Win32
		{E2EC8540-381C-49CF-8979-BC4D1C410F0A}.Release|Win32.Build.0 = Release|Win32
		{E2EC8540-381C-49CF-8979-BC4D1C410F0A}.Release|x64.ActiveCfg = Release|x64
		{E2EC8540-381C-49CF-8979-BC4D1C410F0A}.Release|x64.Build.0 = Release|x64
		{E2EC8540-381C-49CF-8979-BC4D1C410F0A}.Release|x86.ActiveCfg = Release|Win32
		{E2EC8540-381C-49CF-8979-BC4D1C410F0A}.Release|x86.Build.0 = Release|Win32
		{5AE70BA1-BB7C-4960-9D62-3249B34127B0}.Debug|Win32.ActiveCfg = Debug|Win32
		{5AE70BA1-BB7C-4960-9D62-3249B34127B0}.Debug|Win32.Build.0 = Debug|Win32
		{5AE70BA1-BB7C-4960-9D62-3249B34127B0}.Debug|x64.ActiveCfg = Debug|x64
		{5AE70BA1-BB7C-4960-9D62-3249B34127B0}.Debug|x64.Build.0 = Debug|x64
		{5AE70BA1-BB7C-4960-9D62-3249B34127B0}.Debug|x86.ActiveCfg = Debug|Win32
		{5AE70BA1-BB7C-4960-9D62-3249B34127B0}.Debug|x86.Build.0 = Debug|Win32
		{5AE70BA1-BB7C-4960-9D62-3249B34127B0}.Profile|Win32.ActiveCfg = Release|Win32
		{5AE70BA1-BB7C-4960-9D62-3249B34127B0}.Profile|Win32.Build.0 = Release|Win32
		{5AE70BA1-BB7C-4960-9D62-3249B34127B0}.Profile|x64.ActiveCfg = Release|x64
		{5AE70BA1-BB7C-4960-9D62-3249B34127B0}.Profile|x64.Build.0 = Release|x64
		{5AE70BA1-BB7C-4960-9D62-3249B34127B0}.Profile|x86.ActiveCfg = Release|Win32
		{5AE70BA1-BB7C-4960-9D62-3249B34127B0}.Profile|x86.Build.0 = Release|Win32
		{5AE70BA1-BB7C-4960-9D62-3249B34127B0}.Release|Win32.ActiveCfg = Release|Win32
		{5AE70BA1-BB7C-4960-9D62-3249B34127B0}.Release|Win32.Build.0 = Release|Win32
		{5AE70BA1-BB7C-4960-9D62-3249B34127B0}.Release|x64.ActiveCfg = Release|x64
		{5AE70BA1-BB7C-4960-9D62-3249B34127B0}.Release|x64.Build.0 = Release|x64
		{5AE70BA1-BB7C-4960-9D62-3249B34127B0}.Release|x86.ActiveCfg = Release|Win32
		{5AE70BA1-BB7C-4960-9D62-3249B34127B0}.Release|x86.Build.0 = Release|Win32
		{0F2646CE-1954-4470-B11F-EE2144C02092}.Debug|Win32.ActiveCfg = Debug|Win32
		{0F2646CE-1954-4470-B11F-EE2144C02092}.Debug|Win32.Build.0 = Debug|Win32
		{0F2646CE-1954-4470-B11F-EE2144C02092}.Debug|x64.ActiveCfg = Debug|x64
		{0F2646CE-1954-4470-B11F-EE2144C02092}.Debug|x64.Build.0 = Debug|x64
		{0F2646CE-1954-4470-B11F-EE2144C02092}.Debug|x86.ActiveCfg = Debug|Win32
		{0F2646CE-1954-4470-B11F-EE2144C02092}.Debug|x86.Build.0 = Debug|Win32
		{0F2646CE-1954-4470-B11F-EE2144C02092}.Profile|Win32.ActiveCfg = Release|Win32
		{0F2646CE-1954-4470-B11F-EE2144C02092}.Profile|Win32.Build.0 = Release|Win32
		{0F2646CE-1954-4470-B11F-EE2144C02092}.Profile|x64.ActiveCfg = Release|x64
		{0F2646CE-1954-4470-B11F-EE2144C02092}.Profile|x64.Build.0 = Release|x64
		{0F2646CE-1954-4470-B11F-EE2144C02092}.Profile|x86.ActiveCfg = Release|Win32
		{0F2646CE-1954-4470-B11F-EE2144C02092}.Profile|x86.Build.0 = Release|Win32
		{0F2646CE-1954-4470-B11F-EE2144C02092}.Release|Win32.ActiveCfg = Release|Win32
		{0F2646CE-1954-4470-B11F-EE2144C02092}.Release|Win32.Build.0 = Release|Win32
		{0F2646CE-1954-4470-B11F-EE2144C02092}.Release|x64.ActiveCfg = Release|x64
		{0F2646CE-1954-4470-B11F-EE2144C02092}.Release|x64.Build.0 = Release|x64
		{0F2646CE-1954-4470-B11F-EE2144C02092}.Release|x86.ActiveCfg = Release|Win32
		{0F2646CE-1954-4470-B11F-EE2144C02092}.Release|x86.Build.0 = Release|Win32
		{271410E4-AE97-47C0-A094-A4B8E22F082B}.Debug|Win32.ActiveCfg = Debug|Win32
		{271410E4-AE97-47C0-A094-A4B8E22F082B}.Debug|Win32.Build.0 = Debug|Win32
		{271410E4-AE97-47C0-A094-A4B8E22F082B}.Debug|x64.ActiveCfg = Debug|x64
		{271410E4-AE97-47C0-A094-A4B8E22F082B}.Debug|x64.Build.0 = Debug|x64
		{271410E4-AE97-47C0-A094-A4B8E22F082B}.Debug|x86.ActiveCfg = Debug|Win32
		{271410E4-AE97-47C0-A094-A4B8E22F082B}.Debug|x86.Build.0 = Debug|Win32
		{271410E4-AE97-47C0-A094-A4B8E22F082B}.Profile|Win32.ActiveCfg = Release|Win32
		{271410E4-AE97-47C0-A094-A4B8E22F082B}.Profile|Win32.Build.0 = Release|Win32
		{271410E4-AE97-47C0-A094-A4B8E22F082B}.Profile|x64.ActiveCfg = Release|x64
		{271410E4-AE97-47C0-A094-A4B8E22F082B}.Profile|x64.Build.0 = Release|x64
		{271410E4-AE97-47C0-A094-A4B8E22F082B}.Profile|x86.ActiveCfg = Release|Win32
		{271410E4-AE97-47C0-A094-A4B8E22F082B}.Profile|x86.Build.0 = Release|Win32
		{271410E4-AE97-47C0-A094-A4B8E22F082B}.Release|Win32.ActiveCfg = Release|Win32
		{271410E4-AE97-47C0-A094-A4B8E22F082B}.Release|Win32.Build.0 = Release|Win32
		{271410E4-AE97-47C0-A094-A4B8E22F082B}.Release|x64.ActiveCfg = Release|x64
		{271410E4-AE97-47C0-A094-A4B8E22F082B}.Release|x64.Build.0 = Release|x64
		{271410E4-AE97-47C0-A094-A4B8E22F082B}.Release|x86.ActiveCfg = Release|Win32
		{271410E4-AE97-47C0-A094-A4B8E22F082B}.Release|x86.Build.0 = Release|Win32
		{4CF6FA3A-10AF-467E-A189-C6B20A5755C5}.Debug|Win32.ActiveCfg = Debug|Win32
		{4CF6FA3A-10AF-467E-A189-C6B20A5755C5}.Debug|Win32.Build.0 = Debug|Win32
		{4CF6FA3A-10AF-467E-A189-C6B20A5755C5}.Debug|x64.ActiveCfg = Debug|x64
		{4CF6FA3A-10AF-467E-A189-C6B20A5755C5}.Debug|x64.Build.0 = Debug|x64
		{4CF6FA3A-10AF-467E-A189-C6B20A5755C5}.Debug|x86.ActiveCfg = Debug|Win32
		{4CF6FA3A-10AF-467E-A189-C6B20A5755C5}.Debug|x86.Build.0 = Debug|Win32
		{4CF6FA3A-10AF-467E-A189-C6B20A5755C5}.Profile|Win32.ActiveCfg = Release|Win32
		{4CF6FA3A-10AF-467E-A189-C6B20A5755C5}.Profile|Win32.Build.0 = Release|Win32
		{4CF6FA3A-10AF-467E-A189-C6B20A5755C5}.Profile|x64.ActiveCfg = Release|x64
		{4CF6FA3A-10AF-467E-A189-C6B20A5755C5}.Profile|x64.Build.0 = Release|x64
		{4CF6FA3A-10AF-467E-A189-C6B20A5755C5}.Profile|x86.ActiveCfg = Release|Win32
		{4CF6FA3A-10AF-467E-A189-C6B20A5755C5}.Profile|x86.Build.0 = Release|Win32
		{4CF6FA3A-10AF-467E-A189-C6B20A5755C5}.Release|Win32.ActiveCfg = Release|Win32
		{4CF6FA3A-10AF-467E-A189-C6B20A5755C5}.Release|Win32.Build.0 = Release|Win32
		{4CF6FA3A-10AF-467E-A189-C6B20A5755C5}.Release|x64.ActiveCfg = Release|x64
		{4CF6FA3A-10AF-467E-A189-C6B20A5755C5}.Release|x64.Build.0 = Release|x64
		{4CF6FA3A-10AF-467E-A189-C6B20A5755C5}.Release|x86.ActiveCfg = Release|Win32
		{4CF6FA3A-10AF-467E-A189-C6B20A5755C5}.Release|x86.Build.0 = Release|Win32
		{DD559015-C531-4E8D-B44F-D332E009818C}.Debug|Win32.ActiveCfg = Debug|Win32
		{DD559015-C531-4E8D-B44F-D332E009818C}.Debug|Win32.Build.0 = Debug|Win32
		{DD559015-C531-4E8D-B44F-D332E009818C}.Debug|x64.ActiveCfg = Debug|x64
		{DD559015-C531-4E8D-B44F-D332E009818C}.Debug|x64.Build.0 = Debug|x64
		{DD559015-C531-4E8D-B44F-D332E009818C}.Debug|x86.ActiveCfg = Debug|Win32
		{DD559015-C531-4E8D-B44F-D332E009818C}.Debug|x86.Build.0 = Debug|Win32
		{DD559015-C531-4E8D-B44F-D332E009818C}.Profile|Win32.ActiveCfg = Release|Win32
		{DD559015-C531-4E8D-B44F-D332E009818C}.Profile|Win32.Build.0 = Release|Win32
		{DD559015-C531-4E8D-B44F-D332E009818C}.Profile|x64.ActiveCfg = Release|x64
		{DD559015-C531-4E8D-B44F-D332E009818C}.Profile|x64.Build.0 = Release|x64
		{DD559015-C531-4E8D-B44F-D332E009818C}.Profile|x86.ActiveCfg = Release|Win32
		{DD559015-C531-4E8D-B44F-D332E009818C}.Profile|x86.Build.0 = Release|Win32
		{DD559015-C531-4E8D-B44F-D332E009818C}.Release|Win32.ActiveCfg = Release|Win32
		{DD559015-C531-4E8D-B44F-D332E009818C}.Release|Win32.Build.0 = Release|Win32
		{DD559015-C531-4E8D-B44F-D332E009818C}.Release|x64.ActiveCfg = Release|x64
		{DD559015-C531-4E8D-B44F-D332E009818C}.Release|x64.Build.0 = Release|x64
		{DD559015-C531-4E8D-B44F-D332E009818C}.Release|x86.ActiveCfg = Release|Win32
		{DD559015-C531-4E8D-B44F-D332E009818C}.Release|x86.Build.0 = Release|Win32
		{3148E1DD-3012-4D62-972B-8B9579760B1A}.Debug|Win32.ActiveCfg = Debug|Win32
		{3148E1DD-3012-4D62-972B-8B9579760B1A}.Debug|Win32.Build.0 = Debug|Win32
		{3148E1DD-3012-4D62-972B-8B9579760B1A}.Debug|x64.ActiveCfg = Debug|x64
		{3148E1DD-3012-4D62-972B-8B9579760B1A}.Debug|x64.Build.0 = Debug|x64
		{3148E1DD-3012-4D62-972B-8B9579760B1A}.Debug|x86.ActiveCfg = Debug|Win32
		{3148E1DD-3012-4D62-972B-8B9579760B1A}.Debug|x86.Build.0 = Debug|Win32
		{3148E1DD-3012-4D62-972B-8B9579760B1A}.Profile|Win32.ActiveCfg = Release|Win32
		{3148E1DD-3012-4D62-972B-8B9579760B1A}.Profile|Win32.Build.0 = Release|Win32
		{3148E1DD-3012-4D62-972B-8B9579760B1A}.Profile|x64.ActiveCfg = Release|x64
		{3148E1DD-3012-4D62-972B-8B9579760B1A}.Profile|x64.Build.0 = Release|x64
		{3148E1DD-3012-4D62-972B-8B9579760B1A}.Profile|x86.ActiveCfg = Release|Win32
		{3148E1DD-3012-4D62-972B-8B9579760B1A}.Profile|x86.Build.0 = Release|Win32
		{3148E1DD-3012-4D62-972B-8B9579760B1A}.Release|Win32.ActiveCfg = Release|Win32
		{3148E1DD-3012-4D62-972B-8B9579760B1A}.Release|Win32.Build.0 = Release|Win32
		{3148E1DD-3012-4D62-972B-8B9579760B1A}.Release|x64.ActiveCfg = Release|x64
		{3148E1DD-3012-4D62-972B-8B9579760B1A}.Release|x64.Build.0 = Release|x64
		{3148E1DD-3012-4D62-972B-8B9579760B1A}.Release|x86.ActiveCfg = Release|Win32
		{3148E1DD-3012-4D62-972B-8B9579760B1A}.Release|x86.Build.0 = Release|Win32
		{D3D09005-96D0-4629-88B8-122C0256058C}.Debug|Win32.ActiveCfg = Debug|Win32
		{D3D09005-96D0-4629-88B8-122C0256058C}.Debug|Win32.Build.0 = Debug|Win32
		{D3D09005-96D0-4629-88B8-122C0256058C}.Debug|x64.ActiveCfg = Debug|x64
		{D3D09005-96D0-4629-88B8-122C0256058C}.Debug|x64.Build.0 = Debug|x64
		{D3D09005-96D0-4629-88B8-122C0256058C}.Debug|x86.ActiveCfg = Debug|Win32
		{D3D09005-96D0-4629-88B8-122C0256058C}.Debug|x86.Build.0 = Debug|Win32
		{D3D09005-96D0-4629-88B8-122C0256058C}.Profile|Win32.ActiveCfg = Profile|Win32
		{D3D09005-96D0-4629-88B8-122C0256058C}.Profile|Win32.Build.0 = Profile|Win32
		{D3D09005-96D0-4629-88B8-122C0256058C}.Profile|x64.ActiveCfg = Profile|x64
		{D3D09005-96D0-4629-88B8-122C0256058C}.Profile|x64.Build.0 = Profile|x64
		{D3D09005-96D0-4629-88B8-122C0256058C}.Profile|x86.ActiveCfg = Profile|Win32
		{D3D09005-96D0-4629-88B8-122C0256058C}.Profile|x86.Build.0 = Profile|Win32
		{D3D09005-96D0-4629-88B8-122C0256058C}.Release|Win32.ActiveCfg = Release|Win32
		{D3D09005-96D0-4629-88B8-122C0256058C}.Release|Win32.Build.0 = Release|Win32
		{D3D09005-96D0-4629-88B8-122C0256058C}.Release|x64.ActiveCfg = Release|x64
		{D3D09005-96D0-4629-88B8-122C0256058C}.Release|x64.Build.0 = Release|x64
		{D3D09005-96D0-4629-88B8-122C0256058C}.Release|x86.ActiveCfg = Release|Win32
		{D3D09005-96D0-4629-88B8-122C0256058C}.Release|x86.Build.0 = Release|Win32
		{4E79BC18-EA3D-4229-B80C-090445E7014F}.Debug|Win32.ActiveCfg = Debug|Win32
		{4E79BC18-EA3D-4229-B80C-090445E7014F}.Debug|Win32.Build.0 = Debug|Win32
		{4E79BC18-EA3D-4229-B80C-090445E7014F}.Debug|x64.ActiveCfg = Debug|x64
		{4E79BC18-EA3D-4229-B80C-090445E7014F}.Debug|x64.Build.0 = Debug|x64
		{4E79BC18-EA3D-4229-B80C-090445E7014F}.Debug|x86.ActiveCfg = Debug|Win32
		{4E79BC18-EA3D-4229-B80C-090445E7014F}.Debug|x86.Build.0 = Debug|Win32
		{4E79BC18-EA3D-4229-B80C-090445E7014F}.Profile|Win32.ActiveCfg = Release|Win32
		{4E79BC18-EA3D-4229-B80C-090445E7014F}.Profile|Win32.Build.0 = Release|Win32
		{4E79BC18-EA3D-4229-B80C-090445E7014F}.Profile|x64.ActiveCfg = Release|x64
		{4E79BC18-EA3D-4229-B80C-090445E7014F}.Profile|x64.Build.0 = Release|x64
		{4E79BC18-EA3D-4229-B80C-090445E7014F}.Profile|x86.ActiveCfg = Release|Win32
		{4E79BC18-EA3D-4229-B80C-090445E7014F}.Profile|x86.Build.0 = Release|Win32
		{4E79BC18-EA3D-4229-B80C-090445E7014F}.Release|Win32.ActiveCfg = Release|Win32
		{4E79BC18-EA3D-4229-B80C-090445E7014F}.Release|Win32.Build.0 = Release|Win32
		{4E79BC18-EA3D-4229-B80C-090445E7014F}.Release|x64.ActiveCfg = Release|x64
		{4E79BC18-EA3D-4229-B80C-090445E7014F}.Release|x64.Build.0 = Release|x64
		{4E79BC18-EA3D-4229-B80C-090445E7014F}.Release|x86.ActiveCfg = Release|Win32
		{4E79BC18-EA3D-4229-B80C-090445E7014F}.Release|x86.Build.0 = Release|Win32
		{EA0A1392-6D29-45E4-AD2B-0DA2FA910F5F}.Debug|Win32.ActiveCfg = Debug|Win32
		{EA0A1392-6D29-45E4-AD2B-0DA2FA910F5F}.Debug|Win32.Build.0 = Debug|Win32
		{EA0A1392-6D29-45E4-AD2B-0DA2FA910F5F}.Debug|x64.ActiveCfg = Debug|x64
		{EA0A1392-6D29-45E4-AD2B-0DA2FA910F5F}.Debug|x64.Build.0 = Debug|x64
		{EA0A1392-6D29-45E4-AD2B-0DA2FA910F5F}.Debug|x86.ActiveCfg = Debug|Win32
		{EA0A1392-6D29-45E4-AD2B-0DA2FA910F5F}.Debug|x86.Build.0 = Debug|Win32
		{EA0A1392-6D29-45E4-AD2B-0DA2FA910F5F}.Profile|Win32.ActiveCfg = Release|Win32
		{EA0A1392-6D29-45E4-AD2B-0DA2FA910F5F}.Profile|Win32.Build.0 = Release|Win32
		{EA0A1392-6D29-45E4-AD2B-0DA2FA910F5F}.Profile|x64.ActiveCfg = Release|x64
		{EA0A1392-6D29-45E4-AD2B-0DA2FA910F5F}.Profile|x64.Build.0 = Release|x64
		{EA0A1392-6D29-45E4-AD2B-0DA2FA910F5F}.Profile|x86.ActiveCfg = Release|Win32
		{EA0A1392-6D29-45E4-AD2B-0DA2FA910F5F}.Profile|x86.Build.0 = Release|Win32
		{EA0A1392-6D29-45E4-AD2B-0DA2FA910F5F}.Release|Win32.ActiveCfg = Release|Win32
		{EA0A1392-6D29-45E4-AD2B-0DA2FA910F5F}.Release|Win32.Build.0 = Release|Win32
		{EA0A1392-6D29-45E4-AD2B-0DA2FA910F5F}.Release|x64.ActiveCfg = Release|x64
		{EA0A1392-6D29-45E4-AD2B-0DA2FA910F5F}.Release|x64.Build.0 = Release|x64
		{EA0A1392-6D29-45E4-AD2B-0DA2FA910F5F}.Release|x86.ActiveCfg = Release|Win32
		{EA0A1392-6D29-45E4-AD2B-0DA2FA910F5F}.Release|x86.Build.0 = Release|Win32
	EndGlobalSection
	GlobalSection(SolutionProperties) = preSolution
		HideSolutionNode = FALSE
	EndGlobalSection
	GlobalSection(ExtensibilityGlobals) = postSolution
		SolutionGuid = {D295A1F8-7789-433B-8AD1-16D733D363AF}
	EndGlobalSection
EndGlobal
