
Microsoft Visual Studio Solution File, Format Version 12.00
# Visual Studio 15
Project("{FAE04EC0-301F-11D3-BF4B-00C04F79EFBC}") = "Assembly-CSharp", "Assembly-CSharp.csproj", "{0502F974-D3DB-282F-B157-2CCC7E3CE62A}"
EndProject
Project("{FAE04EC0-301F-11D3-BF4B-00C04F79EFBC}") = "Assembly-CSharp-Editor", "Assembly-CSharp-Editor.csproj", "{1D3C17F1-F333-88B4-B5BF-15BACF0B6F3B}"
EndProject
Global
	GlobalSection(SolutionConfigurationPlatforms) = preSolution
		Debug|Any CPU = Debug|Any CPU
		Release|Any CPU = Release|Any CPU
	EndGlobalSection
	GlobalSection(ProjectConfigurationPlatforms) = postSolution
		{0502F974-D3DB-282F-B157-2CCC7E3CE62A}.Debug|Any CPU.ActiveCfg = Debug|Any CPU
		{0502F974-D3DB-282F-B157-2CCC7E3CE62A}.Debug|Any CPU.Build.0 = Debug|Any CPU
		{0502F974-D3DB-282F-B157-2CCC7E3CE62A}.Release|Any CPU.ActiveCfg = Release|Any CPU
		{0502F974-D3DB-282F-B157-2CCC7E3CE62A}.Release|Any CPU.Build.0 = Release|Any CPU
		{1D3C17F1-F333-88B4-B5BF-15BACF0B6F3B}.Debug|Any CPU.ActiveCfg = Debug|Any CPU
		{1D3C17F1-F333-88B4-B5BF-15BACF0B6F3B}.Debug|Any CPU.Build.0 = Debug|Any CPU
		{1D3C17F1-F333-88B4-B5BF-15BACF0B6F3B}.Release|Any CPU.ActiveCfg = Release|Any CPU
		{1D3C17F1-F333-88B4-B5BF-15BACF0B6F3B}.Release|Any CPU.Build.0 = Release|Any CPU
	EndGlobalSection
	GlobalSection(SolutionProperties) = preSolution
		HideSolutionNode = FALSE
	EndGlobalSection
EndGlobal
